
Microsoft Visual Studio Solution File, Format Version 12.00
# Visual Studio Version 17
VisualStudioVersion = 17.10.34928.147
MinimumVisualStudioVersion = 10.0.40219.1
Project("{FAE04EC0-301F-11D3-BF4B-00C04F79EFBC}") = "connection_sql", "connection_sql\connection_sql.csproj", "{3B16FA0C-57DF-43D4-BECF-BC7D96AEEDC3}"
EndProject
Global
	GlobalSection(SolutionConfigurationPlatforms) = preSolution
		Debug|Any CPU = Debug|Any CPU
		Release|Any CPU = Release|Any CPU
	EndGlobalSection
	GlobalSection(ProjectConfigurationPlatforms) = postSolution
		{3B16FA0C-57DF-43D4-BECF-BC7D96AEEDC3}.Debug|Any CPU.ActiveCfg = Debug|Any CPU
		{3B16FA0C-57DF-43D4-BECF-BC7D96AEEDC3}.Debug|Any CPU.Build.0 = Debug|Any CPU
		{3B16FA0C-57DF-43D4-BECF-BC7D96AEEDC3}.Release|Any CPU.ActiveCfg = Release|Any CPU
		{3B16FA0C-57DF-43D4-BECF-BC7D96AEEDC3}.Release|Any CPU.Build.0 = Release|Any CPU
	EndGlobalSection
	GlobalSection(SolutionProperties) = preSolution
		HideSolutionNode = FALSE
	EndGlobalSection
	GlobalSection(ExtensibilityGlobals) = postSolution
		SolutionGuid = {FF1DCFA6-95F6-4DF9-A4FE-5F55296A5980}
	EndGlobalSection
EndGlobal
