
Microsoft Visual Studio Solution File, Format Version 12.00
# Visual Studio Version 17
VisualStudioVersion = 17.10.34928.147
MinimumVisualStudioVersion = 10.0.40219.1
Project("{FAE04EC0-301F-11D3-BF4B-00C04F79EFBC}") = "Method exceptions", "Method exceptions\Method exceptions.csproj", "{B603F228-3C89-44E1-8CBB-E956E72CEAF9}"
EndProject
Global
	GlobalSection(SolutionConfigurationPlatforms) = preSolution
		Debug|Any CPU = Debug|Any CPU
		Release|Any CPU = Release|Any CPU
	EndGlobalSection
	GlobalSection(ProjectConfigurationPlatforms) = postSolution
		{B603F228-3C89-44E1-8CBB-E956E72CEAF9}.Debug|Any CPU.ActiveCfg = Debug|Any CPU
		{B603F228-3C89-44E1-8CBB-E956E72CEAF9}.Debug|Any CPU.Build.0 = Debug|Any CPU
		{B603F228-3C89-44E1-8CBB-E956E72CEAF9}.Release|Any CPU.ActiveCfg = Release|Any CPU
		{B603F228-3C89-44E1-8CBB-E956E72CEAF9}.Release|Any CPU.Build.0 = Release|Any CPU
	EndGlobalSection
	GlobalSection(SolutionProperties) = preSolution
		HideSolutionNode = FALSE
	EndGlobalSection
	GlobalSection(ExtensibilityGlobals) = postSolution
		SolutionGuid = {4C2F804C-36EE-453E-8E01-ACBF9FADB1FA}
	EndGlobalSection
EndGlobal
