
Microsoft Visual Studio Solution File, Format Version 12.00
# Visual Studio Version 17
VisualStudioVersion = 17.10.34928.147
MinimumVisualStudioVersion = 10.0.40219.1
Project("{FAE04EC0-301F-11D3-BF4B-00C04F79EFBC}") = "Count-number", "Count-number\Count-number.csproj", "{0F54E239-A672-4BD6-8491-582E02A6AB7C}"
EndProject
Global
	GlobalSection(SolutionConfigurationPlatforms) = preSolution
		Debug|Any CPU = Debug|Any CPU
		Release|Any CPU = Release|Any CPU
	EndGlobalSection
	GlobalSection(ProjectConfigurationPlatforms) = postSolution
		{0F54E239-A672-4BD6-8491-582E02A6AB7C}.Debug|Any CPU.ActiveCfg = Debug|Any CPU
		{0F54E239-A672-4BD6-8491-582E02A6AB7C}.Debug|Any CPU.Build.0 = Debug|Any CPU
		{0F54E239-A672-4BD6-8491-582E02A6AB7C}.Release|Any CPU.ActiveCfg = Release|Any CPU
		{0F54E239-A672-4BD6-8491-582E02A6AB7C}.Release|Any CPU.Build.0 = Release|Any CPU
	EndGlobalSection
	GlobalSection(SolutionProperties) = preSolution
		HideSolutionNode = FALSE
	EndGlobalSection
	GlobalSection(ExtensibilityGlobals) = postSolution
		SolutionGuid = {F7466156-4E5D-4E0A-94AB-710EDAD99ACA}
	EndGlobalSection
EndGlobal
