
Microsoft Visual Studio Solution File, Format Version 12.00
# Visual Studio Version 17
VisualStudioVersion = 17.10.34928.147
MinimumVisualStudioVersion = 10.0.40219.1
Project("{FAE04EC0-301F-11D3-BF4B-00C04F79EFBC}") = "Reflection1", "Reflection1\Reflection1.csproj", "{F7EE1C04-21E9-426D-AD17-D87019D4EBA7}"
EndProject
Global
	GlobalSection(SolutionConfigurationPlatforms) = preSolution
		Debug|Any CPU = Debug|Any CPU
		Release|Any CPU = Release|Any CPU
	EndGlobalSection
	GlobalSection(ProjectConfigurationPlatforms) = postSolution
		{F7EE1C04-21E9-426D-AD17-D87019D4EBA7}.Debug|Any CPU.ActiveCfg = Debug|Any CPU
		{F7EE1C04-21E9-426D-AD17-D87019D4EBA7}.Debug|Any CPU.Build.0 = Debug|Any CPU
		{F7EE1C04-21E9-426D-AD17-D87019D4EBA7}.Release|Any CPU.ActiveCfg = Release|Any CPU
		{F7EE1C04-21E9-426D-AD17-D87019D4EBA7}.Release|Any CPU.Build.0 = Release|Any CPU
	EndGlobalSection
	GlobalSection(SolutionProperties) = preSolution
		HideSolutionNode = FALSE
	EndGlobalSection
	GlobalSection(ExtensibilityGlobals) = postSolution
		SolutionGuid = {0D2A05D9-4F20-4AD3-BBBB-6AD55E4AE2A7}
	EndGlobalSection
EndGlobal
