
Microsoft Visual Studio Solution File, Format Version 12.00
# Visual Studio Version 17
VisualStudioVersion = 17.10.34928.147
MinimumVisualStudioVersion = 10.0.40219.1
Project("{FAE04EC0-301F-11D3-BF4B-00C04F79EFBC}") = "LINQ3 (a,b,c)", "LINQ3 (a,b,c)\LINQ3 (a,b,c).csproj", "{5A926D97-AAC3-43A4-B4CF-6F1A6759B253}"
EndProject
Global
	GlobalSection(SolutionConfigurationPlatforms) = preSolution
		Debug|Any CPU = Debug|Any CPU
		Release|Any CPU = Release|Any CPU
	EndGlobalSection
	GlobalSection(ProjectConfigurationPlatforms) = postSolution
		{5A926D97-AAC3-43A4-B4CF-6F1A6759B253}.Debug|Any CPU.ActiveCfg = Debug|Any CPU
		{5A926D97-AAC3-43A4-B4CF-6F1A6759B253}.Debug|Any CPU.Build.0 = Debug|Any CPU
		{5A926D97-AAC3-43A4-B4CF-6F1A6759B253}.Release|Any CPU.ActiveCfg = Release|Any CPU
		{5A926D97-AAC3-43A4-B4CF-6F1A6759B253}.Release|Any CPU.Build.0 = Release|Any CPU
	EndGlobalSection
	GlobalSection(SolutionProperties) = preSolution
		HideSolutionNode = FALSE
	EndGlobalSection
	GlobalSection(ExtensibilityGlobals) = postSolution
		SolutionGuid = {68DC5989-64A5-4559-88EE-AD33EB495C4D}
	EndGlobalSection
EndGlobal
